
Microsoft Visual Studio Solution File, Format Version 12.00
# Visual Studio Version 17
VisualStudioVersion = 17.5.002.0
MinimumVisualStudioVersion = 10.0.40219.1
Project("{9A19103F-16F7-4668-BE54-9A1E7A4F7556}") = "fissbuss", "fissbuss.csproj", "{F65C5E16-E836-47E3-8CE9-10326D27A08C}"
EndProject
Global
	GlobalSection(SolutionConfigurationPlatforms) = preSolution
		Debug|Any CPU = Debug|Any CPU
		Release|Any CPU = Release|Any CPU
	EndGlobalSection
	GlobalSection(ProjectConfigurationPlatforms) = postSolution
		{F65C5E16-E836-47E3-8CE9-10326D27A08C}.Debug|Any CPU.ActiveCfg = Debug|Any CPU
		{F65C5E16-E836-47E3-8CE9-10326D27A08C}.Debug|Any CPU.Build.0 = Debug|Any CPU
		{F65C5E16-E836-47E3-8CE9-10326D27A08C}.Release|Any CPU.ActiveCfg = Release|Any CPU
		{F65C5E16-E836-47E3-8CE9-10326D27A08C}.Release|Any CPU.Build.0 = Release|Any CPU
	EndGlobalSection
	GlobalSection(SolutionProperties) = preSolution
		HideSolutionNode = FALSE
	EndGlobalSection
	GlobalSection(ExtensibilityGlobals) = postSolution
		SolutionGuid = {1D16363A-2033-41FC-8DD0-B3912B2F36E2}
	EndGlobalSection
EndGlobal
